{
	"name": "create-wp-scaffold",
	"version": "1.0.0",
	"lockfileVersion": 3,
	"requires": true,
	"packages": {
		"": {
			"name": "create-wp-scaffold",
			"version": "1.0.0",
			"license": "MIT",
			"bin": {
				"create-wp-scaffold": "bin/index.js"
			},
			"engines": {
				"node": ">=20.0.0"
			}
		}
	}
}
